// !$*UTF8*$!
{
	archiveVersion = 1;
	classes = {
	};
	objectVersion = 46;
	objects = {

/* Begin PBXBuildFile section */
		E71C36AB22E877BD00ED63D4 /* DrawView.swift in Sources */ = {isa = PBXBuildFile; fileRef = E71C36AA22E877BC00ED63D4 /* DrawView.swift */; };
		E71C36AD22E8798700ED63D4 /* MySwiftClass.swift in Sources */ = {isa = PBXBuildFile; fileRef = E71C36AC22E8798700ED63D4 /* MySwiftClass.swift */; };
		E73F5A7B22F415E300094B7E /* Stroke.swift in Sources */ = {isa = PBXBuildFile; fileRef = E73F5A7A22F415E300094B7E /* Stroke.swift */; };
		E73F5A7D22F4161300094B7E /* StrokeSettings.swift in Sources */ = {isa = PBXBuildFile; fileRef = E73F5A7C22F4161300094B7E /* StrokeSettings.swift */; };
		E73F5A7F22F4165000094B7E /* TouchDrawView.swift in Sources */ = {isa = PBXBuildFile; fileRef = E73F5A7E22F4165000094B7E /* TouchDrawView.swift */; };
		E73F5A8122F41C7900094B7E /* RNViewRecorder.swift in Sources */ = {isa = PBXBuildFile; fileRef = E73F5A8022F41C7900094B7E /* RNViewRecorder.swift */; };
		E73F5A8622F41E6B00094B7E /* RNViewRecorder.m in Sources */ = {isa = PBXBuildFile; fileRef = E73F5A8522F41E6B00094B7E /* RNViewRecorder.m */; };
		E73F5B4B22F4416600094B7E /* ViewRecorder.swift in Sources */ = {isa = PBXBuildFile; fileRef = E73F5B4A22F4416500094B7E /* ViewRecorder.swift */; };
		E746C173230A9D7D00C32959 /* Brush.swift in Sources */ = {isa = PBXBuildFile; fileRef = E746C172230A9D7D00C32959 /* Brush.swift */; };
		E7636AC5230FF7100064CE5F /* ViewRecorder1.swift in Sources */ = {isa = PBXBuildFile; fileRef = E7636AC4230FF7100064CE5F /* ViewRecorder1.swift */; };
		E79D29DC23326725000178F5 /* ATSketchTopLayer.swift in Sources */ = {isa = PBXBuildFile; fileRef = E79D29C423326724000178F5 /* ATSketchTopLayer.swift */; };
		E79D29DD23326725000178F5 /* ATSketchView+Drop.swift in Sources */ = {isa = PBXBuildFile; fileRef = E79D29CA23326724000178F5 /* ATSketchView+Drop.swift */; };
		E79D29DE23326725000178F5 /* ATShapeLayer.swift in Sources */ = {isa = PBXBuildFile; fileRef = E79D29CB23326724000178F5 /* ATShapeLayer.swift */; };
		E79D29DF23326725000178F5 /* ATColorPicker+Delegate.swift in Sources */ = {isa = PBXBuildFile; fileRef = E79D29CC23326724000178F5 /* ATColorPicker+Delegate.swift */; };
		E79D29E023326725000178F5 /* ATSmartBezierPath+Smoothing.swift in Sources */ = {isa = PBXBuildFile; fileRef = E79D29CD23326724000178F5 /* ATSmartBezierPath+Smoothing.swift */; };
		E79D29E123326725000178F5 /* ATSketchViewDelegate.swift in Sources */ = {isa = PBXBuildFile; fileRef = E79D29CF23326724000178F5 /* ATSketchViewDelegate.swift */; };
		E79D29E223326725000178F5 /* ATColorSwatch.swift in Sources */ = {isa = PBXBuildFile; fileRef = E79D29D023326724000178F5 /* ATColorSwatch.swift */; };
		E79D29E323326725000178F5 /* ATSketchView+UndoRedo.swift in Sources */ = {isa = PBXBuildFile; fileRef = E79D29D123326724000178F5 /* ATSketchView+UndoRedo.swift */; };
		E79D29E423326725000178F5 /* ATSketchView+Pencil.swift in Sources */ = {isa = PBXBuildFile; fileRef = E79D29D223326724000178F5 /* ATSketchView+Pencil.swift */; };
		E79D29E523326725000178F5 /* ATSmartBezierPath.swift in Sources */ = {isa = PBXBuildFile; fileRef = E79D29D323326725000178F5 /* ATSmartBezierPath.swift */; };
		E79D29E623326725000178F5 /* ATSketchView+LayerManagement.swift in Sources */ = {isa = PBXBuildFile; fileRef = E79D29D423326725000178F5 /* ATSketchView+LayerManagement.swift */; };
		E79D29E723326725000178F5 /* ATSketchView.swift in Sources */ = {isa = PBXBuildFile; fileRef = E79D29D523326725000178F5 /* ATSketchView.swift */; };
		E79D29E823326725000178F5 /* ATSmartBezierPath+RecognizerTemplates.swift in Sources */ = {isa = PBXBuildFile; fileRef = E79D29D623326725000178F5 /* ATSmartBezierPath+RecognizerTemplates.swift */; };
		E79D29E923326725000178F5 /* ATSmartBezierPath+UnistrokeRecognizer.swift in Sources */ = {isa = PBXBuildFile; fileRef = E79D29D723326725000178F5 /* ATSmartBezierPath+UnistrokeRecognizer.swift */; };
		E79D29EA23326725000178F5 /* ATRecognizedPathResult.swift in Sources */ = {isa = PBXBuildFile; fileRef = E79D29D823326725000178F5 /* ATRecognizedPathResult.swift */; };
		E79D29EB23326725000178F5 /* ATUnistrokeTemplate.swift in Sources */ = {isa = PBXBuildFile; fileRef = E79D29D923326725000178F5 /* ATUnistrokeTemplate.swift */; };
		E79D29EC23326725000178F5 /* ATColorPicker.swift in Sources */ = {isa = PBXBuildFile; fileRef = E79D29DA23326725000178F5 /* ATColorPicker.swift */; };
		E79D29ED23326725000178F5 /* ATSketchView+Events.swift in Sources */ = {isa = PBXBuildFile; fileRef = E79D29DB23326725000178F5 /* ATSketchView+Events.swift */; };
/* End PBXBuildFile section */

/* Begin PBXCopyFilesBuildPhase section */
		58B511D91A9E6C8500147676 /* CopyFiles */ = {
			isa = PBXCopyFilesBuildPhase;
			buildActionMask = 2147483647;
			dstPath = "include/$(PRODUCT_NAME)";
			dstSubfolderSpec = 16;
			files = (
			);
			runOnlyForDeploymentPostprocessing = 0;
		};
/* End PBXCopyFilesBuildPhase section */

/* Begin PBXFileReference section */
		134814201AA4EA6300B7C361 /* libRNViewRecorder.a */ = {isa = PBXFileReference; explicitFileType = archive.ar; includeInIndex = 0; path = libRNViewRecorder.a; sourceTree = BUILT_PRODUCTS_DIR; };
		E71C361522E865CB00ED63D4 /* RNViewRecorder-Bridging-Header.h */ = {isa = PBXFileReference; lastKnownFileType = sourcecode.c.h; path = "RNViewRecorder-Bridging-Header.h"; sourceTree = "<group>"; };
		E71C36AA22E877BC00ED63D4 /* DrawView.swift */ = {isa = PBXFileReference; lastKnownFileType = sourcecode.swift; path = DrawView.swift; sourceTree = "<group>"; };
		E71C36AC22E8798700ED63D4 /* MySwiftClass.swift */ = {isa = PBXFileReference; lastKnownFileType = sourcecode.swift; path = MySwiftClass.swift; sourceTree = "<group>"; };
		E73F5A7A22F415E300094B7E /* Stroke.swift */ = {isa = PBXFileReference; lastKnownFileType = sourcecode.swift; path = Stroke.swift; sourceTree = "<group>"; };
		E73F5A7C22F4161300094B7E /* StrokeSettings.swift */ = {isa = PBXFileReference; lastKnownFileType = sourcecode.swift; path = StrokeSettings.swift; sourceTree = "<group>"; };
		E73F5A7E22F4165000094B7E /* TouchDrawView.swift */ = {isa = PBXFileReference; lastKnownFileType = sourcecode.swift; path = TouchDrawView.swift; sourceTree = "<group>"; };
		E73F5A8022F41C7900094B7E /* RNViewRecorder.swift */ = {isa = PBXFileReference; lastKnownFileType = sourcecode.swift; path = RNViewRecorder.swift; sourceTree = "<group>"; };
		E73F5A8522F41E6B00094B7E /* RNViewRecorder.m */ = {isa = PBXFileReference; lastKnownFileType = sourcecode.c.objc; path = RNViewRecorder.m; sourceTree = "<group>"; };
		E73F5B4A22F4416500094B7E /* ViewRecorder.swift */ = {isa = PBXFileReference; lastKnownFileType = sourcecode.swift; path = ViewRecorder.swift; sourceTree = "<group>"; };
		E746C172230A9D7D00C32959 /* Brush.swift */ = {isa = PBXFileReference; lastKnownFileType = sourcecode.swift; path = Brush.swift; sourceTree = "<group>"; };
		E7636AC4230FF7100064CE5F /* ViewRecorder1.swift */ = {isa = PBXFileReference; lastKnownFileType = sourcecode.swift; path = ViewRecorder1.swift; sourceTree = "<group>"; };
		E79D29C423326724000178F5 /* ATSketchTopLayer.swift */ = {isa = PBXFileReference; fileEncoding = 4; lastKnownFileType = sourcecode.swift; path = ATSketchTopLayer.swift; sourceTree = "<group>"; };
		E79D29C623326724000178F5 /* rectangle2.json */ = {isa = PBXFileReference; fileEncoding = 4; lastKnownFileType = text.json; path = rectangle2.json; sourceTree = "<group>"; };
		E79D29C723326724000178F5 /* circle.json */ = {isa = PBXFileReference; fileEncoding = 4; lastKnownFileType = text.json; path = circle.json; sourceTree = "<group>"; };
		E79D29C823326724000178F5 /* format.json */ = {isa = PBXFileReference; fileEncoding = 4; lastKnownFileType = text.json; path = format.json; sourceTree = "<group>"; };
		E79D29C923326724000178F5 /* rectangle1.json */ = {isa = PBXFileReference; fileEncoding = 4; lastKnownFileType = text.json; path = rectangle1.json; sourceTree = "<group>"; };
		E79D29CA23326724000178F5 /* ATSketchView+Drop.swift */ = {isa = PBXFileReference; fileEncoding = 4; lastKnownFileType = sourcecode.swift; path = "ATSketchView+Drop.swift"; sourceTree = "<group>"; };
		E79D29CB23326724000178F5 /* ATShapeLayer.swift */ = {isa = PBXFileReference; fileEncoding = 4; lastKnownFileType = sourcecode.swift; path = ATShapeLayer.swift; sourceTree = "<group>"; };
		E79D29CC23326724000178F5 /* ATColorPicker+Delegate.swift */ = {isa = PBXFileReference; fileEncoding = 4; lastKnownFileType = sourcecode.swift; path = "ATColorPicker+Delegate.swift"; sourceTree = "<group>"; };
		E79D29CD23326724000178F5 /* ATSmartBezierPath+Smoothing.swift */ = {isa = PBXFileReference; fileEncoding = 4; lastKnownFileType = sourcecode.swift; path = "ATSmartBezierPath+Smoothing.swift"; sourceTree = "<group>"; };
		E79D29CE23326724000178F5 /* ATSketchKit.h */ = {isa = PBXFileReference; fileEncoding = 4; lastKnownFileType = sourcecode.c.h; path = ATSketchKit.h; sourceTree = "<group>"; };
		E79D29CF23326724000178F5 /* ATSketchViewDelegate.swift */ = {isa = PBXFileReference; fileEncoding = 4; lastKnownFileType = sourcecode.swift; path = ATSketchViewDelegate.swift; sourceTree = "<group>"; };
		E79D29D023326724000178F5 /* ATColorSwatch.swift */ = {isa = PBXFileReference; fileEncoding = 4; lastKnownFileType = sourcecode.swift; path = ATColorSwatch.swift; sourceTree = "<group>"; };
		E79D29D123326724000178F5 /* ATSketchView+UndoRedo.swift */ = {isa = PBXFileReference; fileEncoding = 4; lastKnownFileType = sourcecode.swift; path = "ATSketchView+UndoRedo.swift"; sourceTree = "<group>"; };
		E79D29D223326724000178F5 /* ATSketchView+Pencil.swift */ = {isa = PBXFileReference; fileEncoding = 4; lastKnownFileType = sourcecode.swift; path = "ATSketchView+Pencil.swift"; sourceTree = "<group>"; };
		E79D29D323326725000178F5 /* ATSmartBezierPath.swift */ = {isa = PBXFileReference; fileEncoding = 4; lastKnownFileType = sourcecode.swift; path = ATSmartBezierPath.swift; sourceTree = "<group>"; };
		E79D29D423326725000178F5 /* ATSketchView+LayerManagement.swift */ = {isa = PBXFileReference; fileEncoding = 4; lastKnownFileType = sourcecode.swift; path = "ATSketchView+LayerManagement.swift"; sourceTree = "<group>"; };
		E79D29D523326725000178F5 /* ATSketchView.swift */ = {isa = PBXFileReference; fileEncoding = 4; lastKnownFileType = sourcecode.swift; path = ATSketchView.swift; sourceTree = "<group>"; };
		E79D29D623326725000178F5 /* ATSmartBezierPath+RecognizerTemplates.swift */ = {isa = PBXFileReference; fileEncoding = 4; lastKnownFileType = sourcecode.swift; path = "ATSmartBezierPath+RecognizerTemplates.swift"; sourceTree = "<group>"; };
		E79D29D723326725000178F5 /* ATSmartBezierPath+UnistrokeRecognizer.swift */ = {isa = PBXFileReference; fileEncoding = 4; lastKnownFileType = sourcecode.swift; path = "ATSmartBezierPath+UnistrokeRecognizer.swift"; sourceTree = "<group>"; };
		E79D29D823326725000178F5 /* ATRecognizedPathResult.swift */ = {isa = PBXFileReference; fileEncoding = 4; lastKnownFileType = sourcecode.swift; path = ATRecognizedPathResult.swift; sourceTree = "<group>"; };
		E79D29D923326725000178F5 /* ATUnistrokeTemplate.swift */ = {isa = PBXFileReference; fileEncoding = 4; lastKnownFileType = sourcecode.swift; path = ATUnistrokeTemplate.swift; sourceTree = "<group>"; };
		E79D29DA23326725000178F5 /* ATColorPicker.swift */ = {isa = PBXFileReference; fileEncoding = 4; lastKnownFileType = sourcecode.swift; path = ATColorPicker.swift; sourceTree = "<group>"; };
		E79D29DB23326725000178F5 /* ATSketchView+Events.swift */ = {isa = PBXFileReference; fileEncoding = 4; lastKnownFileType = sourcecode.swift; path = "ATSketchView+Events.swift"; sourceTree = "<group>"; };
/* End PBXFileReference section */

/* Begin PBXFrameworksBuildPhase section */
		58B511D81A9E6C8500147676 /* Frameworks */ = {
			isa = PBXFrameworksBuildPhase;
			buildActionMask = 2147483647;
			files = (
			);
			runOnlyForDeploymentPostprocessing = 0;
		};
/* End PBXFrameworksBuildPhase section */

/* Begin PBXGroup section */
		134814211AA4EA7D00B7C361 /* Products */ = {
			isa = PBXGroup;
			children = (
				134814201AA4EA6300B7C361 /* libRNViewRecorder.a */,
			);
			name = Products;
			sourceTree = "<group>";
		};
		58B511D21A9E6C8500147676 = {
			isa = PBXGroup;
			children = (
				E79D29C323326706000178F5 /* New Group1 */,
				E7636AC4230FF7100064CE5F /* ViewRecorder1.swift */,
				E746C172230A9D7D00C32959 /* Brush.swift */,
				E73F5B4A22F4416500094B7E /* ViewRecorder.swift */,
				E73F5A8522F41E6B00094B7E /* RNViewRecorder.m */,
				E73F5A8022F41C7900094B7E /* RNViewRecorder.swift */,
				E73F5A7E22F4165000094B7E /* TouchDrawView.swift */,
				E73F5A7C22F4161300094B7E /* StrokeSettings.swift */,
				E73F5A7A22F415E300094B7E /* Stroke.swift */,
				E71C36AC22E8798700ED63D4 /* MySwiftClass.swift */,
				E71C36AA22E877BC00ED63D4 /* DrawView.swift */,
				134814211AA4EA7D00B7C361 /* Products */,
				E71C361522E865CB00ED63D4 /* RNViewRecorder-Bridging-Header.h */,
			);
			sourceTree = "<group>";
		};
		E79D29C323326706000178F5 /* New Group1 */ = {
			isa = PBXGroup;
			children = (
				E79D29DA23326725000178F5 /* ATColorPicker.swift */,
				E79D29CC23326724000178F5 /* ATColorPicker+Delegate.swift */,
				E79D29D023326724000178F5 /* ATColorSwatch.swift */,
				E79D29D823326725000178F5 /* ATRecognizedPathResult.swift */,
				E79D29CB23326724000178F5 /* ATShapeLayer.swift */,
				E79D29CE23326724000178F5 /* ATSketchKit.h */,
				E79D29C423326724000178F5 /* ATSketchTopLayer.swift */,
				E79D29D523326725000178F5 /* ATSketchView.swift */,
				E79D29CA23326724000178F5 /* ATSketchView+Drop.swift */,
				E79D29DB23326725000178F5 /* ATSketchView+Events.swift */,
				E79D29D423326725000178F5 /* ATSketchView+LayerManagement.swift */,
				E79D29D223326724000178F5 /* ATSketchView+Pencil.swift */,
				E79D29D123326724000178F5 /* ATSketchView+UndoRedo.swift */,
				E79D29CF23326724000178F5 /* ATSketchViewDelegate.swift */,
				E79D29D323326725000178F5 /* ATSmartBezierPath.swift */,
				E79D29D623326725000178F5 /* ATSmartBezierPath+RecognizerTemplates.swift */,
				E79D29CD23326724000178F5 /* ATSmartBezierPath+Smoothing.swift */,
				E79D29D723326725000178F5 /* ATSmartBezierPath+UnistrokeRecognizer.swift */,
				E79D29D923326725000178F5 /* ATUnistrokeTemplate.swift */,
				E79D29C523326724000178F5 /* Templates */,
			);
			path = "New Group1";
			sourceTree = "<group>";
		};
		E79D29C523326724000178F5 /* Templates */ = {
			isa = PBXGroup;
			children = (
				E79D29C623326724000178F5 /* rectangle2.json */,
				E79D29C723326724000178F5 /* circle.json */,
				E79D29C823326724000178F5 /* format.json */,
				E79D29C923326724000178F5 /* rectangle1.json */,
			);
			path = Templates;
			sourceTree = "<group>";
		};
/* End PBXGroup section */

/* Begin PBXNativeTarget section */
		58B511DA1A9E6C8500147676 /* RNViewRecorder */ = {
			isa = PBXNativeTarget;
			buildConfigurationList = 58B511EF1A9E6C8500147676 /* Build configuration list for PBXNativeTarget "RNViewRecorder" */;
			buildPhases = (
				58B511D71A9E6C8500147676 /* Sources */,
				58B511D81A9E6C8500147676 /* Frameworks */,
				58B511D91A9E6C8500147676 /* CopyFiles */,
			);
			buildRules = (
			);
			dependencies = (
			);
			name = RNViewRecorder;
			productName = RCTDataManager;
			productReference = 134814201AA4EA6300B7C361 /* libRNViewRecorder.a */;
			productType = "com.apple.product-type.library.static";
		};
/* End PBXNativeTarget section */

/* Begin PBXProject section */
		58B511D31A9E6C8500147676 /* Project object */ = {
			isa = PBXProject;
			attributes = {
				LastUpgradeCheck = 0830;
				ORGANIZATIONNAME = Facebook;
				TargetAttributes = {
					58B511DA1A9E6C8500147676 = {
						CreatedOnToolsVersion = 6.1.1;
						LastSwiftMigration = 1020;
					};
				};
			};
			buildConfigurationList = 58B511D61A9E6C8500147676 /* Build configuration list for PBXProject "RNViewRecorder" */;
			compatibilityVersion = "Xcode 3.2";
			developmentRegion = English;
			hasScannedForEncodings = 0;
			knownRegions = (
				English,
				en,
			);
			mainGroup = 58B511D21A9E6C8500147676;
			productRefGroup = 58B511D21A9E6C8500147676;
			projectDirPath = "";
			projectRoot = "";
			targets = (
				58B511DA1A9E6C8500147676 /* RNViewRecorder */,
			);
		};
/* End PBXProject section */

/* Begin PBXSourcesBuildPhase section */
		58B511D71A9E6C8500147676 /* Sources */ = {
			isa = PBXSourcesBuildPhase;
			buildActionMask = 2147483647;
			files = (
				E71C36AB22E877BD00ED63D4 /* DrawView.swift in Sources */,
				E79D29EC23326725000178F5 /* ATColorPicker.swift in Sources */,
				E79D29E023326725000178F5 /* ATSmartBezierPath+Smoothing.swift in Sources */,
				E79D29E623326725000178F5 /* ATSketchView+LayerManagement.swift in Sources */,
				E79D29E123326725000178F5 /* ATSketchViewDelegate.swift in Sources */,
				E79D29DE23326725000178F5 /* ATShapeLayer.swift in Sources */,
				E79D29E523326725000178F5 /* ATSmartBezierPath.swift in Sources */,
				E79D29E823326725000178F5 /* ATSmartBezierPath+RecognizerTemplates.swift in Sources */,
				E73F5A7D22F4161300094B7E /* StrokeSettings.swift in Sources */,
				E79D29DF23326725000178F5 /* ATColorPicker+Delegate.swift in Sources */,
				E79D29ED23326725000178F5 /* ATSketchView+Events.swift in Sources */,
				E79D29DC23326725000178F5 /* ATSketchTopLayer.swift in Sources */,
				E79D29E223326725000178F5 /* ATColorSwatch.swift in Sources */,
				E79D29EB23326725000178F5 /* ATUnistrokeTemplate.swift in Sources */,
				E71C36AD22E8798700ED63D4 /* MySwiftClass.swift in Sources */,
				E79D29DD23326725000178F5 /* ATSketchView+Drop.swift in Sources */,
				E79D29E423326725000178F5 /* ATSketchView+Pencil.swift in Sources */,
				E746C173230A9D7D00C32959 /* Brush.swift in Sources */,
				E79D29E923326725000178F5 /* ATSmartBezierPath+UnistrokeRecognizer.swift in Sources */,
				E73F5A7F22F4165000094B7E /* TouchDrawView.swift in Sources */,
				E79D29EA23326725000178F5 /* ATRecognizedPathResult.swift in Sources */,
				E73F5A8622F41E6B00094B7E /* RNViewRecorder.m in Sources */,
				E73F5A8122F41C7900094B7E /* RNViewRecorder.swift in Sources */,
				E73F5B4B22F4416600094B7E /* ViewRecorder.swift in Sources */,
				E79D29E323326725000178F5 /* ATSketchView+UndoRedo.swift in Sources */,
				E7636AC5230FF7100064CE5F /* ViewRecorder1.swift in Sources */,
				E73F5A7B22F415E300094B7E /* Stroke.swift in Sources */,
				E79D29E723326725000178F5 /* ATSketchView.swift in Sources */,
			);
			runOnlyForDeploymentPostprocessing = 0;
		};
/* End PBXSourcesBuildPhase section */

/* Begin XCBuildConfiguration section */
		58B511ED1A9E6C8500147676 /* Debug */ = {
			isa = XCBuildConfiguration;
			buildSettings = {
				ALWAYS_SEARCH_USER_PATHS = NO;
				CLANG_CXX_LANGUAGE_STANDARD = "gnu++0x";
				CLANG_CXX_LIBRARY = "libc++";
				CLANG_ENABLE_MODULES = YES;
				CLANG_ENABLE_OBJC_ARC = YES;
				CLANG_WARN_BOOL_CONVERSION = YES;
				CLANG_WARN_CONSTANT_CONVERSION = YES;
				CLANG_WARN_DIRECT_OBJC_ISA_USAGE = YES_ERROR;
				CLANG_WARN_EMPTY_BODY = YES;
				CLANG_WARN_ENUM_CONVERSION = YES;
				CLANG_WARN_INFINITE_RECURSION = YES;
				CLANG_WARN_INT_CONVERSION = YES;
				CLANG_WARN_OBJC_ROOT_CLASS = YES_ERROR;
				CLANG_WARN_SUSPICIOUS_MOVE = YES;
				CLANG_WARN_UNREACHABLE_CODE = YES;
				CLANG_WARN__DUPLICATE_METHOD_MATCH = YES;
				COPY_PHASE_STRIP = NO;
				ENABLE_STRICT_OBJC_MSGSEND = YES;
				ENABLE_TESTABILITY = YES;
				GCC_C_LANGUAGE_STANDARD = gnu99;
				GCC_DYNAMIC_NO_PIC = NO;
				GCC_NO_COMMON_BLOCKS = YES;
				GCC_OPTIMIZATION_LEVEL = 0;
				GCC_PREPROCESSOR_DEFINITIONS = (
					"DEBUG=1",
					"$(inherited)",
				);
				GCC_SYMBOLS_PRIVATE_EXTERN = NO;
				GCC_WARN_64_TO_32_BIT_CONVERSION = YES;
				GCC_WARN_ABOUT_RETURN_TYPE = YES_ERROR;
				GCC_WARN_UNDECLARED_SELECTOR = YES;
				GCC_WARN_UNINITIALIZED_AUTOS = YES_AGGRESSIVE;
				GCC_WARN_UNUSED_FUNCTION = YES;
				GCC_WARN_UNUSED_VARIABLE = YES;
				IPHONEOS_DEPLOYMENT_TARGET = 8.0;
				MTL_ENABLE_DEBUG_INFO = YES;
				ONLY_ACTIVE_ARCH = YES;
				SDKROOT = iphoneos;
			};
			name = Debug;
		};
		58B511EE1A9E6C8500147676 /* Release */ = {
			isa = XCBuildConfiguration;
			buildSettings = {
				ALWAYS_SEARCH_USER_PATHS = NO;
				CLANG_CXX_LANGUAGE_STANDARD = "gnu++0x";
				CLANG_CXX_LIBRARY = "libc++";
				CLANG_ENABLE_MODULES = YES;
				CLANG_ENABLE_OBJC_ARC = YES;
				CLANG_WARN_BOOL_CONVERSION = YES;
				CLANG_WARN_CONSTANT_CONVERSION = YES;
				CLANG_WARN_DIRECT_OBJC_ISA_USAGE = YES_ERROR;
				CLANG_WARN_EMPTY_BODY = YES;
				CLANG_WARN_ENUM_CONVERSION = YES;
				CLANG_WARN_INFINITE_RECURSION = YES;
				CLANG_WARN_INT_CONVERSION = YES;
				CLANG_WARN_OBJC_ROOT_CLASS = YES_ERROR;
				CLANG_WARN_SUSPICIOUS_MOVE = YES;
				CLANG_WARN_UNREACHABLE_CODE = YES;
				CLANG_WARN__DUPLICATE_METHOD_MATCH = YES;
				COPY_PHASE_STRIP = YES;
				ENABLE_NS_ASSERTIONS = NO;
				ENABLE_STRICT_OBJC_MSGSEND = YES;
				GCC_C_LANGUAGE_STANDARD = gnu99;
				GCC_NO_COMMON_BLOCKS = YES;
				GCC_WARN_64_TO_32_BIT_CONVERSION = YES;
				GCC_WARN_ABOUT_RETURN_TYPE = YES_ERROR;
				GCC_WARN_UNDECLARED_SELECTOR = YES;
				GCC_WARN_UNINITIALIZED_AUTOS = YES_AGGRESSIVE;
				GCC_WARN_UNUSED_FUNCTION = YES;
				GCC_WARN_UNUSED_VARIABLE = YES;
				IPHONEOS_DEPLOYMENT_TARGET = 8.0;
				MTL_ENABLE_DEBUG_INFO = NO;
				SDKROOT = iphoneos;
				VALIDATE_PRODUCT = YES;
			};
			name = Release;
		};
		58B511F01A9E6C8500147676 /* Debug */ = {
			isa = XCBuildConfiguration;
			buildSettings = {
				CLANG_ENABLE_MODULES = YES;
				HEADER_SEARCH_PATHS = (
					"$(inherited)",
					/Applications/Xcode.app/Contents/Developer/Toolchains/XcodeDefault.xctoolchain/usr/include,
					"$(SRCROOT)/../../../React/**",
					"$(SRCROOT)/../../react-native/React/**",
				);
				LD_RUNPATH_SEARCH_PATHS = "$(inherited) @executable_path/Frameworks @loader_path/Frameworks";
				LIBRARY_SEARCH_PATHS = "$(inherited)";
				OTHER_LDFLAGS = "-ObjC";
				PRODUCT_NAME = RNViewRecorder;
				SKIP_INSTALL = YES;
				SWIFT_OBJC_BRIDGING_HEADER = "RNViewRecorder-Bridging-Header.h";
				SWIFT_OPTIMIZATION_LEVEL = "-Onone";
				SWIFT_VERSION = 5.0;
			};
			name = Debug;
		};
		58B511F11A9E6C8500147676 /* Release */ = {
			isa = XCBuildConfiguration;
			buildSettings = {
				CLANG_ENABLE_MODULES = YES;
				HEADER_SEARCH_PATHS = (
					"$(inherited)",
					/Applications/Xcode.app/Contents/Developer/Toolchains/XcodeDefault.xctoolchain/usr/include,
					"$(SRCROOT)/../../../React/**",
					"$(SRCROOT)/../../react-native/React/**",
				);
				LD_RUNPATH_SEARCH_PATHS = "$(inherited) @executable_path/Frameworks @loader_path/Frameworks";
				LIBRARY_SEARCH_PATHS = "$(inherited)";
				OTHER_LDFLAGS = "-ObjC";
				PRODUCT_NAME = RNViewRecorder;
				SKIP_INSTALL = YES;
				SWIFT_OBJC_BRIDGING_HEADER = "RNViewRecorder-Bridging-Header.h";
				SWIFT_VERSION = 5.0;
			};
			name = Release;
		};
/* End XCBuildConfiguration section */

/* Begin XCConfigurationList section */
		58B511D61A9E6C8500147676 /* Build configuration list for PBXProject "RNViewRecorder" */ = {
			isa = XCConfigurationList;
			buildConfigurations = (
				58B511ED1A9E6C8500147676 /* Debug */,
				58B511EE1A9E6C8500147676 /* Release */,
			);
			defaultConfigurationIsVisible = 0;
			defaultConfigurationName = Release;
		};
		58B511EF1A9E6C8500147676 /* Build configuration list for PBXNativeTarget "RNViewRecorder" */ = {
			isa = XCConfigurationList;
			buildConfigurations = (
				58B511F01A9E6C8500147676 /* Debug */,
				58B511F11A9E6C8500147676 /* Release */,
			);
			defaultConfigurationIsVisible = 0;
			defaultConfigurationName = Release;
		};
/* End XCConfigurationList section */
	};
	rootObject = 58B511D31A9E6C8500147676 /* Project object */;
}
